
Microsoft Visual Studio Solution File, Format Version 12.00
# Visual Studio 2017
Project("{FAE04EC0-301F-11D3-BF4B-00C04F79EFBC}") = "ProteinViewer_VR", "ProteinViewer_VR.csproj", "{64F374FC-DA6C-447F-0D75-D4128AAC679C}"
EndProject
Project("{FAE04EC0-301F-11D3-BF4B-00C04F79EFBC}") = "ProteinViewer_VR.Editor", "ProteinViewer_VR.Editor.csproj", "{5FE186FE-B7A8-0C2C-8E3A-F3205460D79E}"
EndProject
Global
	GlobalSection(SolutionConfigurationPlatforms) = preSolution
		Debug|Any CPU = Debug|Any CPU
		Release|Any CPU = Release|Any CPU
	EndGlobalSection
	GlobalSection(ProjectConfigurationPlatforms) = postSolution
		{64F374FC-DA6C-447F-0D75-D4128AAC679C}.Debug|Any CPU.ActiveCfg = Debug|Any CPU
		{64F374FC-DA6C-447F-0D75-D4128AAC679C}.Debug|Any CPU.Build.0 = Debug|Any CPU
		{64F374FC-DA6C-447F-0D75-D4128AAC679C}.Release|Any CPU.ActiveCfg = Release|Any CPU
		{64F374FC-DA6C-447F-0D75-D4128AAC679C}.Release|Any CPU.Build.0 = Release|Any CPU
		{5FE186FE-B7A8-0C2C-8E3A-F3205460D79E}.Debug|Any CPU.ActiveCfg = Debug|Any CPU
		{5FE186FE-B7A8-0C2C-8E3A-F3205460D79E}.Debug|Any CPU.Build.0 = Debug|Any CPU
		{5FE186FE-B7A8-0C2C-8E3A-F3205460D79E}.Release|Any CPU.ActiveCfg = Release|Any CPU
		{5FE186FE-B7A8-0C2C-8E3A-F3205460D79E}.Release|Any CPU.Build.0 = Release|Any CPU
	EndGlobalSection
	GlobalSection(SolutionProperties) = preSolution
		HideSolutionNode = FALSE
	EndGlobalSection
EndGlobal
